PODS:
  - M13ProgressSuite (1.2.5)
  - OpenSSL (1.0.108)
  - zipzap (7.0)

DEPENDENCIES:
  - M13ProgressSuite
  - OpenSSL
  - zipzap

SPEC CHECKSUMS:
  M13ProgressSuite: bf63f5592f1e40767da5203199804ad5eed3eb48
  OpenSSL: 62c06e5ec449a28e41c7b225c96193dc5b20800c
  zipzap: 1c85484d8f89388fba8fb5824b2eae15b9ce8092

COCOAPODS: 0.33.1
